
Microsoft Visual Studio Solution File, Format Version 12.00
# Visual Studio Version 17
VisualStudioVersion = 17.5.002.0
MinimumVisualStudioVersion = 10.0.40219.1
Project("{9A19103F-16F7-4668-BE54-9A1E7A4F7556}") = "PokemonRewiewApp", "PokemonRewiewApp.csproj", "{A7F290E4-C070-4E70-BEBD-D7802A6D3323}"
EndProject
Global
	GlobalSection(SolutionConfigurationPlatforms) = preSolution
		Debug|Any CPU = Debug|Any CPU
		Release|Any CPU = Release|Any CPU
	EndGlobalSection
	GlobalSection(ProjectConfigurationPlatforms) = postSolution
		{A7F290E4-C070-4E70-BEBD-D7802A6D3323}.Debug|Any CPU.ActiveCfg = Debug|Any CPU
		{A7F290E4-C070-4E70-BEBD-D7802A6D3323}.Debug|Any CPU.Build.0 = Debug|Any CPU
		{A7F290E4-C070-4E70-BEBD-D7802A6D3323}.Release|Any CPU.ActiveCfg = Release|Any CPU
		{A7F290E4-C070-4E70-BEBD-D7802A6D3323}.Release|Any CPU.Build.0 = Release|Any CPU
	EndGlobalSection
	GlobalSection(SolutionProperties) = preSolution
		HideSolutionNode = FALSE
	EndGlobalSection
	GlobalSection(ExtensibilityGlobals) = postSolution
		SolutionGuid = {F1CFC3DB-9B85-46F4-B637-10222CB93B71}
	EndGlobalSection
EndGlobal
